
Microsoft Visual Studio Solution File, Format Version 12.00
# Visual Studio Version 17
VisualStudioVersion = 17.5.002.0
MinimumVisualStudioVersion = 10.0.40219.1
Project("{9A19103F-16F7-4668-BE54-9A1E7A4F7556}") = "learning 2024", "day1\learning 2024.csproj", "{405756E9-D214-4DF3-8B80-C406F376204D}"
EndProject
Project("{FAE04EC0-301F-11D3-BF4B-00C04F79EFBC}") = "day2", "day2\day2.csproj", "{726E38F5-C75B-4EBA-BA43-CF23BADF1FCC}"
EndProject
Project("{FAE04EC0-301F-11D3-BF4B-00C04F79EFBC}") = "day3", "day3\day3.csproj", "{E05ACCCD-0DFF-4113-A0E3-873CFDBB11ED}"
EndProject
Project("{FAE04EC0-301F-11D3-BF4B-00C04F79EFBC}") = "day4", "day4\day4.csproj", "{19069705-CBA5-4800-9BF2-9EE8F73B136C}"
EndProject
Project("{FAE04EC0-301F-11D3-BF4B-00C04F79EFBC}") = "day5", "day5\day5.csproj", "{5A553C36-B16E-4F10-B710-0317D6C95124}"
EndProject
Project("{FAE04EC0-301F-11D3-BF4B-00C04F79EFBC}") = "day6", "day6\day6.csproj", "{7F6FF6A8-D337-42B9-A1BF-63D8D3135445}"
EndProject
Project("{FAE04EC0-301F-11D3-BF4B-00C04F79EFBC}") = "day7", "day7\day7.csproj", "{B7315E95-1FF5-41DA-BFF4-0D9E90056CDC}"
EndProject
Project("{FAE04EC0-301F-11D3-BF4B-00C04F79EFBC}") = "day8", "day8\day8.csproj", "{2DEBEB2C-ED94-4967-9404-8F727B67F27B}"
EndProject
Project("{FAE04EC0-301F-11D3-BF4B-00C04F79EFBC}") = "day9", "day9\day9.csproj", "{E8C84C22-8E02-4831-BA4E-F9F86FFE4B13}"
EndProject
Project("{FAE04EC0-301F-11D3-BF4B-00C04F79EFBC}") = "Day14", "day14\Day14.csproj", "{3516604D-F907-4504-9D33-4E7EB0331C27}"
EndProject
Project("{FAE04EC0-301F-11D3-BF4B-00C04F79EFBC}") = "Day19", "Day19\Day19.csproj", "{842BCDC2-5764-43F0-9AD3-BE7859A2F145}"
EndProject
Project("{FAE04EC0-301F-11D3-BF4B-00C04F79EFBC}") = "Day18", "Day18\Day18.csproj", "{D75EE038-BEAF-42D7-9C5C-0DE07572A03D}"
EndProject
Project("{FAE04EC0-301F-11D3-BF4B-00C04F79EFBC}") = "Day10", "day10\Day10.csproj", "{57F5F1AD-57A6-4008-9602-9061C05BAEAF}"
EndProject
Project("{FAE04EC0-301F-11D3-BF4B-00C04F79EFBC}") = "Day21", "Day21\Day21.csproj", "{EDC1975A-A73F-4559-9000-590E7852111E}"
EndProject
Project("{FAE04EC0-301F-11D3-BF4B-00C04F79EFBC}") = "Day22", "Day22\Day22.csproj", "{912FAE84-82AE-4529-95A3-618315B6C584}"
EndProject
Project("{FAE04EC0-301F-11D3-BF4B-00C04F79EFBC}") = "Day23", "day23\Day23.csproj", "{5969CEFE-10FF-477A-AF2F-62A6649AEB43}"
EndProject
Global
	GlobalSection(SolutionConfigurationPlatforms) = preSolution
		Debug|Any CPU = Debug|Any CPU
		Release|Any CPU = Release|Any CPU
	EndGlobalSection
	GlobalSection(ProjectConfigurationPlatforms) = postSolution
		{405756E9-D214-4DF3-8B80-C406F376204D}.Debug|Any CPU.ActiveCfg = Debug|Any CPU
		{405756E9-D214-4DF3-8B80-C406F376204D}.Debug|Any CPU.Build.0 = Debug|Any CPU
		{405756E9-D214-4DF3-8B80-C406F376204D}.Release|Any CPU.ActiveCfg = Release|Any CPU
		{405756E9-D214-4DF3-8B80-C406F376204D}.Release|Any CPU.Build.0 = Release|Any CPU
		{726E38F5-C75B-4EBA-BA43-CF23BADF1FCC}.Debug|Any CPU.ActiveCfg = Debug|Any CPU
		{726E38F5-C75B-4EBA-BA43-CF23BADF1FCC}.Debug|Any CPU.Build.0 = Debug|Any CPU
		{726E38F5-C75B-4EBA-BA43-CF23BADF1FCC}.Release|Any CPU.ActiveCfg = Release|Any CPU
		{726E38F5-C75B-4EBA-BA43-CF23BADF1FCC}.Release|Any CPU.Build.0 = Release|Any CPU
		{E05ACCCD-0DFF-4113-A0E3-873CFDBB11ED}.Debug|Any CPU.ActiveCfg = Debug|Any CPU
		{E05ACCCD-0DFF-4113-A0E3-873CFDBB11ED}.Debug|Any CPU.Build.0 = Debug|Any CPU
		{E05ACCCD-0DFF-4113-A0E3-873CFDBB11ED}.Release|Any CPU.ActiveCfg = Release|Any CPU
		{E05ACCCD-0DFF-4113-A0E3-873CFDBB11ED}.Release|Any CPU.Build.0 = Release|Any CPU
		{19069705-CBA5-4800-9BF2-9EE8F73B136C}.Debug|Any CPU.ActiveCfg = Debug|Any CPU
		{19069705-CBA5-4800-9BF2-9EE8F73B136C}.Debug|Any CPU.Build.0 = Debug|Any CPU
		{19069705-CBA5-4800-9BF2-9EE8F73B136C}.Release|Any CPU.ActiveCfg = Release|Any CPU
		{19069705-CBA5-4800-9BF2-9EE8F73B136C}.Release|Any CPU.Build.0 = Release|Any CPU
		{5A553C36-B16E-4F10-B710-0317D6C95124}.Debug|Any CPU.ActiveCfg = Debug|Any CPU
		{5A553C36-B16E-4F10-B710-0317D6C95124}.Debug|Any CPU.Build.0 = Debug|Any CPU
		{5A553C36-B16E-4F10-B710-0317D6C95124}.Release|Any CPU.ActiveCfg = Release|Any CPU
		{5A553C36-B16E-4F10-B710-0317D6C95124}.Release|Any CPU.Build.0 = Release|Any CPU
		{7F6FF6A8-D337-42B9-A1BF-63D8D3135445}.Debug|Any CPU.ActiveCfg = Debug|Any CPU
		{7F6FF6A8-D337-42B9-A1BF-63D8D3135445}.Debug|Any CPU.Build.0 = Debug|Any CPU
		{7F6FF6A8-D337-42B9-A1BF-63D8D3135445}.Release|Any CPU.ActiveCfg = Release|Any CPU
		{7F6FF6A8-D337-42B9-A1BF-63D8D3135445}.Release|Any CPU.Build.0 = Release|Any CPU
		{B7315E95-1FF5-41DA-BFF4-0D9E90056CDC}.Debug|Any CPU.ActiveCfg = Debug|Any CPU
		{B7315E95-1FF5-41DA-BFF4-0D9E90056CDC}.Debug|Any CPU.Build.0 = Debug|Any CPU
		{B7315E95-1FF5-41DA-BFF4-0D9E90056CDC}.Release|Any CPU.ActiveCfg = Release|Any CPU
		{B7315E95-1FF5-41DA-BFF4-0D9E90056CDC}.Release|Any CPU.Build.0 = Release|Any CPU
		{2DEBEB2C-ED94-4967-9404-8F727B67F27B}.Debug|Any CPU.ActiveCfg = Debug|Any CPU
		{2DEBEB2C-ED94-4967-9404-8F727B67F27B}.Debug|Any CPU.Build.0 = Debug|Any CPU
		{2DEBEB2C-ED94-4967-9404-8F727B67F27B}.Release|Any CPU.ActiveCfg = Release|Any CPU
		{2DEBEB2C-ED94-4967-9404-8F727B67F27B}.Release|Any CPU.Build.0 = Release|Any CPU
		{E8C84C22-8E02-4831-BA4E-F9F86FFE4B13}.Debug|Any CPU.ActiveCfg = Debug|Any CPU
		{E8C84C22-8E02-4831-BA4E-F9F86FFE4B13}.Debug|Any CPU.Build.0 = Debug|Any CPU
		{E8C84C22-8E02-4831-BA4E-F9F86FFE4B13}.Release|Any CPU.ActiveCfg = Release|Any CPU
		{E8C84C22-8E02-4831-BA4E-F9F86FFE4B13}.Release|Any CPU.Build.0 = Release|Any CPU
		{3516604D-F907-4504-9D33-4E7EB0331C27}.Debug|Any CPU.ActiveCfg = Debug|Any CPU
		{3516604D-F907-4504-9D33-4E7EB0331C27}.Debug|Any CPU.Build.0 = Debug|Any CPU
		{3516604D-F907-4504-9D33-4E7EB0331C27}.Release|Any CPU.ActiveCfg = Release|Any CPU
		{3516604D-F907-4504-9D33-4E7EB0331C27}.Release|Any CPU.Build.0 = Release|Any CPU
		{842BCDC2-5764-43F0-9AD3-BE7859A2F145}.Debug|Any CPU.ActiveCfg = Debug|Any CPU
		{842BCDC2-5764-43F0-9AD3-BE7859A2F145}.Debug|Any CPU.Build.0 = Debug|Any CPU
		{842BCDC2-5764-43F0-9AD3-BE7859A2F145}.Release|Any CPU.ActiveCfg = Release|Any CPU
		{842BCDC2-5764-43F0-9AD3-BE7859A2F145}.Release|Any CPU.Build.0 = Release|Any CPU
		{D75EE038-BEAF-42D7-9C5C-0DE07572A03D}.Debug|Any CPU.ActiveCfg = Debug|Any CPU
		{D75EE038-BEAF-42D7-9C5C-0DE07572A03D}.Debug|Any CPU.Build.0 = Debug|Any CPU
		{D75EE038-BEAF-42D7-9C5C-0DE07572A03D}.Release|Any CPU.ActiveCfg = Release|Any CPU
		{D75EE038-BEAF-42D7-9C5C-0DE07572A03D}.Release|Any CPU.Build.0 = Release|Any CPU
		{57F5F1AD-57A6-4008-9602-9061C05BAEAF}.Debug|Any CPU.ActiveCfg = Debug|Any CPU
		{57F5F1AD-57A6-4008-9602-9061C05BAEAF}.Debug|Any CPU.Build.0 = Debug|Any CPU
		{57F5F1AD-57A6-4008-9602-9061C05BAEAF}.Release|Any CPU.ActiveCfg = Release|Any CPU
		{57F5F1AD-57A6-4008-9602-9061C05BAEAF}.Release|Any CPU.Build.0 = Release|Any CPU
		{EDC1975A-A73F-4559-9000-590E7852111E}.Debug|Any CPU.ActiveCfg = Debug|Any CPU
		{EDC1975A-A73F-4559-9000-590E7852111E}.Debug|Any CPU.Build.0 = Debug|Any CPU
		{EDC1975A-A73F-4559-9000-590E7852111E}.Release|Any CPU.ActiveCfg = Release|Any CPU
		{EDC1975A-A73F-4559-9000-590E7852111E}.Release|Any CPU.Build.0 = Release|Any CPU
		{912FAE84-82AE-4529-95A3-618315B6C584}.Debug|Any CPU.ActiveCfg = Debug|Any CPU
		{912FAE84-82AE-4529-95A3-618315B6C584}.Debug|Any CPU.Build.0 = Debug|Any CPU
		{912FAE84-82AE-4529-95A3-618315B6C584}.Release|Any CPU.ActiveCfg = Release|Any CPU
		{912FAE84-82AE-4529-95A3-618315B6C584}.Release|Any CPU.Build.0 = Release|Any CPU
		{5969CEFE-10FF-477A-AF2F-62A6649AEB43}.Debug|Any CPU.ActiveCfg = Debug|Any CPU
		{5969CEFE-10FF-477A-AF2F-62A6649AEB43}.Debug|Any CPU.Build.0 = Debug|Any CPU
		{5969CEFE-10FF-477A-AF2F-62A6649AEB43}.Release|Any CPU.ActiveCfg = Release|Any CPU
		{5969CEFE-10FF-477A-AF2F-62A6649AEB43}.Release|Any CPU.Build.0 = Release|Any CPU
	EndGlobalSection
	GlobalSection(SolutionProperties) = preSolution
		HideSolutionNode = FALSE
	EndGlobalSection
	GlobalSection(ExtensibilityGlobals) = postSolution
		SolutionGuid = {2ECDB22F-DF79-4012-B9B3-E051667893D8}
	EndGlobalSection
EndGlobal
