
Microsoft Visual Studio Solution File, Format Version 12.00
# Visual Studio Version 17
VisualStudioVersion = 17.5.002.0
MinimumVisualStudioVersion = 10.0.40219.1
Project("{9A19103F-16F7-4668-BE54-9A1E7A4F7556}") = "learning 2024", "day1\learning 2024.csproj", "{405756E9-D214-4DF3-8B80-C406F376204D}"
EndProject
Project("{FAE04EC0-301F-11D3-BF4B-00C04F79EFBC}") = "day2", "day2\day2.csproj", "{726E38F5-C75B-4EBA-BA43-CF23BADF1FCC}"
EndProject
Global
	GlobalSection(SolutionConfigurationPlatforms) = preSolution
		Debug|Any CPU = Debug|Any CPU
		Release|Any CPU = Release|Any CPU
	EndGlobalSection
	GlobalSection(ProjectConfigurationPlatforms) = postSolution
		{405756E9-D214-4DF3-8B80-C406F376204D}.Debug|Any CPU.ActiveCfg = Debug|Any CPU
		{405756E9-D214-4DF3-8B80-C406F376204D}.Debug|Any CPU.Build.0 = Debug|Any CPU
		{405756E9-D214-4DF3-8B80-C406F376204D}.Release|Any CPU.ActiveCfg = Release|Any CPU
		{405756E9-D214-4DF3-8B80-C406F376204D}.Release|Any CPU.Build.0 = Release|Any CPU
		{726E38F5-C75B-4EBA-BA43-CF23BADF1FCC}.Debug|Any CPU.ActiveCfg = Debug|Any CPU
		{726E38F5-C75B-4EBA-BA43-CF23BADF1FCC}.Debug|Any CPU.Build.0 = Debug|Any CPU
		{726E38F5-C75B-4EBA-BA43-CF23BADF1FCC}.Release|Any CPU.ActiveCfg = Release|Any CPU
		{726E38F5-C75B-4EBA-BA43-CF23BADF1FCC}.Release|Any CPU.Build.0 = Release|Any CPU
	EndGlobalSection
	GlobalSection(SolutionProperties) = preSolution
		HideSolutionNode = FALSE
	EndGlobalSection
	GlobalSection(ExtensibilityGlobals) = postSolution
		SolutionGuid = {2ECDB22F-DF79-4012-B9B3-E051667893D8}
	EndGlobalSection
EndGlobal
